
Microsoft Visual Studio Solution File, Format Version 12.00
# Visual Studio Version 16
VisualStudioVersion = 16.0.31911.196
MinimumVisualStudioVersion = 10.0.40219.1
Project("{FAE04EC0-301F-11D3-BF4B-00C04F79EFBC}") = "Practice Programs", "Practice Programs\Practice Programs.csproj", "{08A82E7A-8957-4E3E-9800-1BF8A7EA4727}"
EndProject
Global
	GlobalSection(SolutionConfigurationPlatforms) = preSolution
		Debug|Any CPU = Debug|Any CPU
		Release|Any CPU = Release|Any CPU
	EndGlobalSection
	GlobalSection(ProjectConfigurationPlatforms) = postSolution
		{08A82E7A-8957-4E3E-9800-1BF8A7EA4727}.Debug|Any CPU.ActiveCfg = Debug|Any CPU
		{08A82E7A-8957-4E3E-9800-1BF8A7EA4727}.Debug|Any CPU.Build.0 = Debug|Any CPU
		{08A82E7A-8957-4E3E-9800-1BF8A7EA4727}.Release|Any CPU.ActiveCfg = Release|Any CPU
		{08A82E7A-8957-4E3E-9800-1BF8A7EA4727}.Release|Any CPU.Build.0 = Release|Any CPU
	EndGlobalSection
	GlobalSection(SolutionProperties) = preSolution
		HideSolutionNode = FALSE
	EndGlobalSection
	GlobalSection(ExtensibilityGlobals) = postSolution
		SolutionGuid = {9D6DEC6A-E511-44C8-A7F7-85CBF5435D99}
	EndGlobalSection
EndGlobal
